
Microsoft Visual Studio Solution File, Format Version 12.00
# Visual Studio Version 16
VisualStudioVersion = 16.0.33328.57
MinimumVisualStudioVersion = 10.0.40219.1
Project("{FAE04EC0-301F-11D3-BF4B-00C04F79EFBC}") = "project_1", "project_1\project_1.csproj", "{8BC05BD1-A420-4AB1-AF55-E12CDB1F45B0}"
EndProject
Project("{FAE04EC0-301F-11D3-BF4B-00C04F79EFBC}") = "project_2", "project_2\project_2.csproj", "{1D61DD53-E405-4275-B9B6-510451640E62}"
EndProject
Global
	GlobalSection(SolutionConfigurationPlatforms) = preSolution
		Debug|Any CPU = Debug|Any CPU
		Release|Any CPU = Release|Any CPU
	EndGlobalSection
	GlobalSection(ProjectConfigurationPlatforms) = postSolution
		{8BC05BD1-A420-4AB1-AF55-E12CDB1F45B0}.Debug|Any CPU.ActiveCfg = Debug|Any CPU
		{8BC05BD1-A420-4AB1-AF55-E12CDB1F45B0}.Debug|Any CPU.Build.0 = Debug|Any CPU
		{8BC05BD1-A420-4AB1-AF55-E12CDB1F45B0}.Release|Any CPU.ActiveCfg = Release|Any CPU
		{8BC05BD1-A420-4AB1-AF55-E12CDB1F45B0}.Release|Any CPU.Build.0 = Release|Any CPU
		{1D61DD53-E405-4275-B9B6-510451640E62}.Debug|Any CPU.ActiveCfg = Debug|Any CPU
		{1D61DD53-E405-4275-B9B6-510451640E62}.Debug|Any CPU.Build.0 = Debug|Any CPU
		{1D61DD53-E405-4275-B9B6-510451640E62}.Release|Any CPU.ActiveCfg = Release|Any CPU
		{1D61DD53-E405-4275-B9B6-510451640E62}.Release|Any CPU.Build.0 = Release|Any CPU
	EndGlobalSection
	GlobalSection(SolutionProperties) = preSolution
		HideSolutionNode = FALSE
	EndGlobalSection
	GlobalSection(ExtensibilityGlobals) = postSolution
		SolutionGuid = {81E777E7-5942-412F-9946-F0A886233851}
	EndGlobalSection
EndGlobal
